// !$*UTF8*$!
{
	archiveVersion = 1;
	classes = {
	};
	objectVersion = 50;
	objects = {

/* Begin PBXBuildFile section */
		2C0189F8210AE6A2009DAB51 /* PhotoRecognitionViewController.swift in Sources */ = {isa = PBXBuildFile; fileRef = 2C0189F7210AE6A2009DAB51 /* PhotoRecognitionViewController.swift */; };
		2CFE2956210A454000558926 /* AppDelegate.swift in Sources */ = {isa = PBXBuildFile; fileRef = 2CFE2955210A454000558926 /* AppDelegate.swift */; };
		2CFE2958210A454000558926 /* art.scnassets in Resources */ = {isa = PBXBuildFile; fileRef = 2CFE2957210A454000558926 /* art.scnassets */; };
		2CFE295A210A454000558926 /* StreamRecognitionViewController.swift in Sources */ = {isa = PBXBuildFile; fileRef = 2CFE2959210A454000558926 /* StreamRecognitionViewController.swift */; };
		2CFE295D210A454000558926 /* Main.storyboard in Resources */ = {isa = PBXBuildFile; fileRef = 2CFE295B210A454000558926 /* Main.storyboard */; };
		2CFE295F210A454400558926 /* Assets.xcassets in Resources */ = {isa = PBXBuildFile; fileRef = 2CFE295E210A454400558926 /* Assets.xcassets */; };
		2CFE2962210A454400558926 /* LaunchScreen.storyboard in Resources */ = {isa = PBXBuildFile; fileRef = 2CFE2960210A454400558926 /* LaunchScreen.storyboard */; };
		84104C83210AFADC000C52D8 /* dogs_breeds.mlmodel in Sources */ = {isa = PBXBuildFile; fileRef = 84104C82210AFADC000C52D8 /* dogs_breeds.mlmodel */; };
/* End PBXBuildFile section */

/* Begin PBXFileReference section */
		2C0189F7210AE6A2009DAB51 /* PhotoRecognitionViewController.swift */ = {isa = PBXFileReference; lastKnownFileType = sourcecode.swift; path = PhotoRecognitionViewController.swift; sourceTree = "<group>"; };
		2CFE2952210A454000558926 /* DemoDogsRecognition.app */ = {isa = PBXFileReference; explicitFileType = wrapper.application; includeInIndex = 0; path = DemoDogsRecognition.app; sourceTree = BUILT_PRODUCTS_DIR; };
		2CFE2955210A454000558926 /* AppDelegate.swift */ = {isa = PBXFileReference; lastKnownFileType = sourcecode.swift; path = AppDelegate.swift; sourceTree = "<group>"; };
		2CFE2957210A454000558926 /* art.scnassets */ = {isa = PBXFileReference; lastKnownFileType = wrapper.scnassets; path = art.scnassets; sourceTree = "<group>"; };
		2CFE2959210A454000558926 /* StreamRecognitionViewController.swift */ = {isa = PBXFileReference; lastKnownFileType = sourcecode.swift; path = StreamRecognitionViewController.swift; sourceTree = "<group>"; };
		2CFE295C210A454000558926 /* Base */ = {isa = PBXFileReference; lastKnownFileType = file.storyboard; name = Base; path = Base.lproj/Main.storyboard; sourceTree = "<group>"; };
		2CFE295E210A454400558926 /* Assets.xcassets */ = {isa = PBXFileReference; lastKnownFileType = folder.assetcatalog; path = Assets.xcassets; sourceTree = "<group>"; };
		2CFE2961210A454400558926 /* Base */ = {isa = PBXFileReference; lastKnownFileType = file.storyboard; name = Base; path = Base.lproj/LaunchScreen.storyboard; sourceTree = "<group>"; };
		2CFE2963210A454400558926 /* Info.plist */ = {isa = PBXFileReference; lastKnownFileType = text.plist.xml; path = Info.plist; sourceTree = "<group>"; };
		84104C82210AFADC000C52D8 /* dogs_breeds.mlmodel */ = {isa = PBXFileReference; lastKnownFileType = file.mlmodel; path = dogs_breeds.mlmodel; sourceTree = "<group>"; };
/* End PBXFileReference section */

/* Begin PBXFrameworksBuildPhase section */
		2CFE294F210A454000558926 /* Frameworks */ = {
			isa = PBXFrameworksBuildPhase;
			buildActionMask = 2147483647;
			files = (
			);
			runOnlyForDeploymentPostprocessing = 0;
		};
/* End PBXFrameworksBuildPhase section */

/* Begin PBXGroup section */
		2CFE2949210A454000558926 = {
			isa = PBXGroup;
			children = (
				2CFE2954210A454000558926 /* DemoDogsRecognition */,
				2CFE2953210A454000558926 /* Products */,
			);
			sourceTree = "<group>";
		};
		2CFE2953210A454000558926 /* Products */ = {
			isa = PBXGroup;
			children = (
				2CFE2952210A454000558926 /* DemoDogsRecognition.app */,
			);
			name = Products;
			sourceTree = "<group>";
		};
		2CFE2954210A454000558926 /* DemoDogsRecognition */ = {
			isa = PBXGroup;
			children = (
				2CFE2955210A454000558926 /* AppDelegate.swift */,
				2CFE2957210A454000558926 /* art.scnassets */,
				2CFE2959210A454000558926 /* StreamRecognitionViewController.swift */,
				2C0189F7210AE6A2009DAB51 /* PhotoRecognitionViewController.swift */,
				2CFE295B210A454000558926 /* Main.storyboard */,
				2CFE295E210A454400558926 /* Assets.xcassets */,
				2CFE2960210A454400558926 /* LaunchScreen.storyboard */,
				2CFE2963210A454400558926 /* Info.plist */,
				84104C82210AFADC000C52D8 /* dogs_breeds.mlmodel */,
			);
			path = DemoDogsRecognition;
			sourceTree = "<group>";
		};
/* End PBXGroup section */

/* Begin PBXNativeTarget section */
		2CFE2951210A454000558926 /* DemoDogsRecognition */ = {
			isa = PBXNativeTarget;
			buildConfigurationList = 2CFE2966210A454400558926 /* Build configuration list for PBXNativeTarget "DemoDogsRecognition" */;
			buildPhases = (
				2CFE294E210A454000558926 /* Sources */,
				2CFE294F210A454000558926 /* Frameworks */,
				2CFE2950210A454000558926 /* Resources */,
			);
			buildRules = (
			);
			dependencies = (
			);
			name = DemoDogsRecognition;
			productName = DemoDogsRecognition;
			productReference = 2CFE2952210A454000558926 /* DemoDogsRecognition.app */;
			productType = "com.apple.product-type.application";
		};
/* End PBXNativeTarget section */

/* Begin PBXProject section */
		2CFE294A210A454000558926 /* Project object */ = {
			isa = PBXProject;
			attributes = {
				LastSwiftUpdateCheck = 0940;
				LastUpgradeCheck = 0940;
				ORGANIZATIONNAME = "Yandex LLC";
				TargetAttributes = {
					2CFE2951210A454000558926 = {
						CreatedOnToolsVersion = 9.4.1;
					};
				};
			};
			buildConfigurationList = 2CFE294D210A454000558926 /* Build configuration list for PBXProject "DemoDogsRecognition" */;
			compatibilityVersion = "Xcode 9.3";
			developmentRegion = en;
			hasScannedForEncodings = 0;
			knownRegions = (
				en,
				Base,
			);
			mainGroup = 2CFE2949210A454000558926;
			productRefGroup = 2CFE2953210A454000558926 /* Products */;
			projectDirPath = "";
			projectRoot = "";
			targets = (
				2CFE2951210A454000558926 /* DemoDogsRecognition */,
			);
		};
/* End PBXProject section */

/* Begin PBXResourcesBuildPhase section */
		2CFE2950210A454000558926 /* Resources */ = {
			isa = PBXResourcesBuildPhase;
			buildActionMask = 2147483647;
			files = (
				2CFE2958210A454000558926 /* art.scnassets in Resources */,
				2CFE2962210A454400558926 /* LaunchScreen.storyboard in Resources */,
				2CFE295F210A454400558926 /* Assets.xcassets in Resources */,
				2CFE295D210A454000558926 /* Main.storyboard in Resources */,
			);
			runOnlyForDeploymentPostprocessing = 0;
		};
/* End PBXResourcesBuildPhase section */

/* Begin PBXSourcesBuildPhase section */
		2CFE294E210A454000558926 /* Sources */ = {
			isa = PBXSourcesBuildPhase;
			buildActionMask = 2147483647;
			files = (
				84104C83210AFADC000C52D8 /* dogs_breeds.mlmodel in Sources */,
				2CFE295A210A454000558926 /* StreamRecognitionViewController.swift in Sources */,
				2C0189F8210AE6A2009DAB51 /* PhotoRecognitionViewController.swift in Sources */,
				2CFE2956210A454000558926 /* AppDelegate.swift in Sources */,
			);
			runOnlyForDeploymentPostprocessing = 0;
		};
/* End PBXSourcesBuildPhase section */

/* Begin PBXVariantGroup section */
		2CFE295B210A454000558926 /* Main.storyboard */ = {
			isa = PBXVariantGroup;
			children = (
				2CFE295C210A454000558926 /* Base */,
			);
			name = Main.storyboard;
			sourceTree = "<group>";
		};
		2CFE2960210A454400558926 /* LaunchScreen.storyboard */ = {
			isa = PBXVariantGroup;
			children = (
				2CFE2961210A454400558926 /* Base */,
			);
			name = LaunchScreen.storyboard;
			sourceTree = "<group>";
		};
/* End PBXVariantGroup section */

/* Begin XCBuildConfiguration section */
		2CFE2964210A454400558926 /* Debug */ = {
			isa = XCBuildConfiguration;
			buildSettings = {
				ALWAYS_SEARCH_USER_PATHS = NO;
				CLANG_ANALYZER_NONNULL = YES;
				CLANG_ANALYZER_NUMBER_OBJECT_CONVERSION = YES_AGGRESSIVE;
				CLANG_CXX_LANGUAGE_STANDARD = "gnu++14";
				CLANG_CXX_LIBRARY = "libc++";
				CLANG_ENABLE_MODULES = YES;
				CLANG_ENABLE_OBJC_ARC = YES;
				CLANG_ENABLE_OBJC_WEAK = YES;
				CLANG_WARN_BLOCK_CAPTURE_AUTORELEASING = YES;
				CLANG_WARN_BOOL_CONVERSION = YES;
				CLANG_WARN_COMMA = YES;
				CLANG_WARN_CONSTANT_CONVERSION = YES;
				CLANG_WARN_DEPRECATED_OBJC_IMPLEMENTATIONS = YES;
				CLANG_WARN_DIRECT_OBJC_ISA_USAGE = YES_ERROR;
				CLANG_WARN_DOCUMENTATION_COMMENTS = YES;
				CLANG_WARN_EMPTY_BODY = YES;
				CLANG_WARN_ENUM_CONVERSION = YES;
				CLANG_WARN_INFINITE_RECURSION = YES;
				CLANG_WARN_INT_CONVERSION = YES;
				CLANG_WARN_NON_LITERAL_NULL_CONVERSION = YES;
				CLANG_WARN_OBJC_IMPLICIT_RETAIN_SELF = YES;
				CLANG_WARN_OBJC_LITERAL_CONVERSION = YES;
				CLANG_WARN_OBJC_ROOT_CLASS = YES_ERROR;
				CLANG_WARN_RANGE_LOOP_ANALYSIS = YES;
				CLANG_WARN_STRICT_PROTOTYPES = YES;
				CLANG_WARN_SUSPICIOUS_MOVE = YES;
				CLANG_WARN_UNGUARDED_AVAILABILITY = YES_AGGRESSIVE;
				CLANG_WARN_UNREACHABLE_CODE = YES;
				CLANG_WARN__DUPLICATE_METHOD_MATCH = YES;
				CODE_SIGN_IDENTITY = "iPhone Developer";
				COPY_PHASE_STRIP = NO;
				DEBUG_INFORMATION_FORMAT = dwarf;
				ENABLE_STRICT_OBJC_MSGSEND = YES;
				ENABLE_TESTABILITY = YES;
				GCC_C_LANGUAGE_STANDARD = gnu11;
				GCC_DYNAMIC_NO_PIC = NO;
				GCC_NO_COMMON_BLOCKS = YES;
				GCC_OPTIMIZATION_LEVEL = 0;
				GCC_PREPROCESSOR_DEFINITIONS = (
					"DEBUG=1",
					"$(inherited)",
				);
				GCC_WARN_64_TO_32_BIT_CONVERSION = YES;
				GCC_WARN_ABOUT_RETURN_TYPE = YES_ERROR;
				GCC_WARN_UNDECLARED_SELECTOR = YES;
				GCC_WARN_UNINITIALIZED_AUTOS = YES_AGGRESSIVE;
				GCC_WARN_UNUSED_FUNCTION = YES;
				GCC_WARN_UNUSED_VARIABLE = YES;
				IPHONEOS_DEPLOYMENT_TARGET = 11.4;
				MTL_ENABLE_DEBUG_INFO = YES;
				ONLY_ACTIVE_ARCH = YES;
				SDKROOT = iphoneos;
				SWIFT_ACTIVE_COMPILATION_CONDITIONS = DEBUG;
				SWIFT_OPTIMIZATION_LEVEL = "-Onone";
			};
			name = Debug;
		};
		2CFE2965210A454400558926 /* Release */ = {
			isa = XCBuildConfiguration;
			buildSettings = {
				ALWAYS_SEARCH_USER_PATHS = NO;
				CLANG_ANALYZER_NONNULL = YES;
				CLANG_ANALYZER_NUMBER_OBJECT_CONVERSION = YES_AGGRESSIVE;
				CLANG_CXX_LANGUAGE_STANDARD = "gnu++14";
				CLANG_CXX_LIBRARY = "libc++";
				CLANG_ENABLE_MODULES = YES;
				CLANG_ENABLE_OBJC_ARC = YES;
				CLANG_ENABLE_OBJC_WEAK = YES;
				CLANG_WARN_BLOCK_CAPTURE_AUTORELEASING = YES;
				CLANG_WARN_BOOL_CONVERSION = YES;
				CLANG_WARN_COMMA = YES;
				CLANG_WARN_CONSTANT_CONVERSION = YES;
				CLANG_WARN_DEPRECATED_OBJC_IMPLEMENTATIONS = YES;
				CLANG_WARN_DIRECT_OBJC_ISA_USAGE = YES_ERROR;
				CLANG_WARN_DOCUMENTATION_COMMENTS = YES;
				CLANG_WARN_EMPTY_BODY = YES;
				CLANG_WARN_ENUM_CONVERSION = YES;
				CLANG_WARN_INFINITE_RECURSION = YES;
				CLANG_WARN_INT_CONVERSION = YES;
				CLANG_WARN_NON_LITERAL_NULL_CONVERSION = YES;
				CLANG_WARN_OBJC_IMPLICIT_RETAIN_SELF = YES;
				CLANG_WARN_OBJC_LITERAL_CONVERSION = YES;
				CLANG_WARN_OBJC_ROOT_CLASS = YES_ERROR;
				CLANG_WARN_RANGE_LOOP_ANALYSIS = YES;
				CLANG_WARN_STRICT_PROTOTYPES = YES;
				CLANG_WARN_SUSPICIOUS_MOVE = YES;
				CLANG_WARN_UNGUARDED_AVAILABILITY = YES_AGGRESSIVE;
				CLANG_WARN_UNREACHABLE_CODE = YES;
				CLANG_WARN__DUPLICATE_METHOD_MATCH = YES;
				CODE_SIGN_IDENTITY = "iPhone Developer";
				COPY_PHASE_STRIP = NO;
				DEBUG_INFORMATION_FORMAT = "dwarf-with-dsym";
				ENABLE_NS_ASSERTIONS = NO;
				ENABLE_STRICT_OBJC_MSGSEND = YES;
				GCC_C_LANGUAGE_STANDARD = gnu11;
				GCC_NO_COMMON_BLOCKS = YES;
				GCC_WARN_64_TO_32_BIT_CONVERSION = YES;
				GCC_WARN_ABOUT_RETURN_TYPE = YES_ERROR;
				GCC_WARN_UNDECLARED_SELECTOR = YES;
				GCC_WARN_UNINITIALIZED_AUTOS = YES_AGGRESSIVE;
				GCC_WARN_UNUSED_FUNCTION = YES;
				GCC_WARN_UNUSED_VARIABLE = YES;
				IPHONEOS_DEPLOYMENT_TARGET = 11.4;
				MTL_ENABLE_DEBUG_INFO = NO;
				SDKROOT = iphoneos;
				SWIFT_COMPILATION_MODE = wholemodule;
				SWIFT_OPTIMIZATION_LEVEL = "-O";
				VALIDATE_PRODUCT = YES;
			};
			name = Release;
		};
		2CFE2967210A454400558926 /* Debug */ = {
			isa = XCBuildConfiguration;
			buildSettings = {
				ASSETCATALOG_COMPILER_APPICON_NAME = AppIcon;
				CODE_SIGN_STYLE = Automatic;
				DEVELOPMENT_TEAM = EK7Z26L6D4;
				INFOPLIST_FILE = DemoDogsRecognition/Info.plist;
				IPHONEOS_DEPLOYMENT_TARGET = 11.0;
				LD_RUNPATH_SEARCH_PATHS = (
					"$(inherited)",
					"@executable_path/Frameworks",
				);
				PRODUCT_BUNDLE_IDENTIFIER = ru.yandex.mobile.DemoDogsRecognition;
				PRODUCT_NAME = "$(TARGET_NAME)";
				SWIFT_VERSION = 4.0;
				TARGETED_DEVICE_FAMILY = "1,2";
			};
			name = Debug;
		};
		2CFE2968210A454400558926 /* Release */ = {
			isa = XCBuildConfiguration;
			buildSettings = {
				ASSETCATALOG_COMPILER_APPICON_NAME = AppIcon;
				CODE_SIGN_STYLE = Automatic;
				DEVELOPMENT_TEAM = EK7Z26L6D4;
				INFOPLIST_FILE = DemoDogsRecognition/Info.plist;
				IPHONEOS_DEPLOYMENT_TARGET = 11.0;
				LD_RUNPATH_SEARCH_PATHS = (
					"$(inherited)",
					"@executable_path/Frameworks",
				);
				PRODUCT_BUNDLE_IDENTIFIER = ru.yandex.mobile.DemoDogsRecognition;
				PRODUCT_NAME = "$(TARGET_NAME)";
				SWIFT_VERSION = 4.0;
				TARGETED_DEVICE_FAMILY = "1,2";
			};
			name = Release;
		};
/* End XCBuildConfiguration section */

/* Begin XCConfigurationList section */
		2CFE294D210A454000558926 /* Build configuration list for PBXProject "DemoDogsRecognition" */ = {
			isa = XCConfigurationList;
			buildConfigurations = (
				2CFE2964210A454400558926 /* Debug */,
				2CFE2965210A454400558926 /* Release */,
			);
			defaultConfigurationIsVisible = 0;
			defaultConfigurationName = Release;
		};
		2CFE2966210A454400558926 /* Build configuration list for PBXNativeTarget "DemoDogsRecognition" */ = {
			isa = XCConfigurationList;
			buildConfigurations = (
				2CFE2967210A454400558926 /* Debug */,
				2CFE2968210A454400558926 /* Release */,
			);
			defaultConfigurationIsVisible = 0;
			defaultConfigurationName = Release;
		};
/* End XCConfigurationList section */
	};
	rootObject = 2CFE294A210A454000558926 /* Project object */;
}
